
Microsoft Visual Studio Solution File, Format Version 12.00
# Visual Studio Version 17
VisualStudioVersion = 17.5.33627.172
MinimumVisualStudioVersion = 10.0.40219.1
Project("{FAE04EC0-301F-11D3-BF4B-00C04F79EFBC}") = "MultiThread", "MultiThread\MultiThread.csproj", "{2C0EE5B5-CBB2-4476-ACBC-1B6129211F67}"
EndProject
Global
	GlobalSection(SolutionConfigurationPlatforms) = preSolution
		Debug|Any CPU = Debug|Any CPU
		Release|Any CPU = Release|Any CPU
	EndGlobalSection
	GlobalSection(ProjectConfigurationPlatforms) = postSolution
		{2C0EE5B5-CBB2-4476-ACBC-1B6129211F67}.Debug|Any CPU.ActiveCfg = Debug|Any CPU
		{2C0EE5B5-CBB2-4476-ACBC-1B6129211F67}.Debug|Any CPU.Build.0 = Debug|Any CPU
		{2C0EE5B5-CBB2-4476-ACBC-1B6129211F67}.Release|Any CPU.ActiveCfg = Release|Any CPU
		{2C0EE5B5-CBB2-4476-ACBC-1B6129211F67}.Release|Any CPU.Build.0 = Release|Any CPU
	EndGlobalSection
	GlobalSection(SolutionProperties) = preSolution
		HideSolutionNode = FALSE
	EndGlobalSection
	GlobalSection(ExtensibilityGlobals) = postSolution
		SolutionGuid = {1466672F-48B0-4B48-8922-22DC0AE9EE47}
	EndGlobalSection
EndGlobal
